{
  "name": "documentation-creator",
  "version": "0.0.1",
  "lockfileVersion": 1,
  "requires": true,
  "dependencies": {
    "gumshoe": {
      "version": "github:cferdinandi/gumshoe#28cf9b73c7e2dbaac2c18c1a0d7661753a0a7878"
    },
    "highlight": {
      "version": "0.2.4",
      "resolved": "http://mvn//artifactory/api/npm/npm/highlight/-/highlight-0.2.4.tgz",
      "integrity": "sha1-isAodbA/WTXgZ1hSt2z+H9WODf8="
    }
  }
}
